// !$*UTF8*$!
{
	archiveVersion = 1;
	classes = {
	};
	objectVersion = 56;
	objects = {

/* Begin PBXBuildFile section */
		F03DC92C297E6A6F00561829 /* AlbumsResponse.swift in Sources */ = {isa = PBXBuildFile; fileRef = F03DC92B297E6A6F00561829 /* AlbumsResponse.swift */; };
		F0A203A6297E8F74002FB6B3 /* CombineMoya in Frameworks */ = {isa = PBXBuildFile; productRef = F0A203A5297E8F74002FB6B3 /* CombineMoya */; };
		F0A203A8297E8F74002FB6B3 /* Moya in Frameworks */ = {isa = PBXBuildFile; productRef = F0A203A7297E8F74002FB6B3 /* Moya */; };
		F0A203AA297E8F74002FB6B3 /* ReactiveMoya in Frameworks */ = {isa = PBXBuildFile; productRef = F0A203A9297E8F74002FB6B3 /* ReactiveMoya */; };
		F0A203AC297E8F74002FB6B3 /* RxMoya in Frameworks */ = {isa = PBXBuildFile; productRef = F0A203AB297E8F74002FB6B3 /* RxMoya */; };
		F0A203AE297E8FA9002FB6B3 /* AlbumsApi.swift in Sources */ = {isa = PBXBuildFile; fileRef = F0A203AD297E8FA9002FB6B3 /* AlbumsApi.swift */; };
		F0A203B1297E9D4D002FB6B3 /* URL+Extension.swift in Sources */ = {isa = PBXBuildFile; fileRef = F0A203B0297E9D4D002FB6B3 /* URL+Extension.swift */; };
		F0A203B5297E9E52002FB6B3 /* BaseURL.swift in Sources */ = {isa = PBXBuildFile; fileRef = F0A203B4297E9E52002FB6B3 /* BaseURL.swift */; };
		F0A203B7297EA0C5002FB6B3 /* AlbumsRepository.swift in Sources */ = {isa = PBXBuildFile; fileRef = F0A203B6297EA0C5002FB6B3 /* AlbumsRepository.swift */; };
		F0A203BB297F7EB3002FB6B3 /* ApiError.swift in Sources */ = {isa = PBXBuildFile; fileRef = F0A203BA297F7EB3002FB6B3 /* ApiError.swift */; };
		F0A203BD297F855C002FB6B3 /* AlbumsUseCase.swift in Sources */ = {isa = PBXBuildFile; fileRef = F0A203BC297F855C002FB6B3 /* AlbumsUseCase.swift */; };
		F0A203BF297F8799002FB6B3 /* HomeViewModel.swift in Sources */ = {isa = PBXBuildFile; fileRef = F0A203BE297F8798002FB6B3 /* HomeViewModel.swift */; };
		F0A203C1297F8C3A002FB6B3 /* AlbumModel.swift in Sources */ = {isa = PBXBuildFile; fileRef = F0A203C0297F8C3A002FB6B3 /* AlbumModel.swift */; };
		F0A203C4297F9640002FB6B3 /* Bundle.swift in Sources */ = {isa = PBXBuildFile; fileRef = F0A203C3297F9640002FB6B3 /* Bundle.swift */; };
		F0A203C8297F98D5002FB6B3 /* Albums.json in Resources */ = {isa = PBXBuildFile; fileRef = F0A203C7297F98D5002FB6B3 /* Albums.json */; };
		F0A203C9297F98D5002FB6B3 /* Albums.json in Resources */ = {isa = PBXBuildFile; fileRef = F0A203C7297F98D5002FB6B3 /* Albums.json */; };
		F0A203CC297F9B1A002FB6B3 /* AlbumsRepositoryTests.swift in Sources */ = {isa = PBXBuildFile; fileRef = F0A203CB297F9B1A002FB6B3 /* AlbumsRepositoryTests.swift */; };
		F0A203D1297FA635002FB6B3 /* AlbumsRepositorySpy.swift in Sources */ = {isa = PBXBuildFile; fileRef = F0A203D0297FA635002FB6B3 /* AlbumsRepositorySpy.swift */; };
		F0A203D3297FA6C1002FB6B3 /* AlbumsUseCaseSpy.swift in Sources */ = {isa = PBXBuildFile; fileRef = F0A203D2297FA6C1002FB6B3 /* AlbumsUseCaseSpy.swift */; };
		F0A203D7297FA72A002FB6B3 /* AlbumsUseCaseTests.swift in Sources */ = {isa = PBXBuildFile; fileRef = F0A203D6297FA72A002FB6B3 /* AlbumsUseCaseTests.swift */; };
		F0A203D9297FA85E002FB6B3 /* DataManager.swift in Sources */ = {isa = PBXBuildFile; fileRef = F0A203D8297FA85E002FB6B3 /* DataManager.swift */; };
		F0DF6AFD297E3FE100351C84 /* OrnnApp.swift in Sources */ = {isa = PBXBuildFile; fileRef = F0DF6AFC297E3FE100351C84 /* OrnnApp.swift */; };
		F0DF6AFF297E3FE100351C84 /* ContentView.swift in Sources */ = {isa = PBXBuildFile; fileRef = F0DF6AFE297E3FE100351C84 /* ContentView.swift */; };
		F0DF6B01297E3FE300351C84 /* Assets.xcassets in Resources */ = {isa = PBXBuildFile; fileRef = F0DF6B00297E3FE300351C84 /* Assets.xcassets */; };
		F0DF6B04297E3FE300351C84 /* Preview Assets.xcassets in Resources */ = {isa = PBXBuildFile; fileRef = F0DF6B03297E3FE300351C84 /* Preview Assets.xcassets */; };
		F0DF6B18297E3FE300351C84 /* OrnnUITests.swift in Sources */ = {isa = PBXBuildFile; fileRef = F0DF6B17297E3FE300351C84 /* OrnnUITests.swift */; };
		F0DF6B1A297E3FE300351C84 /* OrnnUITestsLaunchTests.swift in Sources */ = {isa = PBXBuildFile; fileRef = F0DF6B19297E3FE300351C84 /* OrnnUITestsLaunchTests.swift */; };
		F0DF6B27297E4FDD00351C84 /* SplashScreenView.swift in Sources */ = {isa = PBXBuildFile; fileRef = F0DF6B26297E4FDD00351C84 /* SplashScreenView.swift */; };
/* End PBXBuildFile section */

/* Begin PBXContainerItemProxy section */
		F0DF6B0A297E3FE300351C84 /* PBXContainerItemProxy */ = {
			isa = PBXContainerItemProxy;
			containerPortal = F0DF6AF1297E3FE100351C84 /* Project object */;
			proxyType = 1;
			remoteGlobalIDString = F0DF6AF8297E3FE100351C84;
			remoteInfo = Ornn;
		};
		F0DF6B14297E3FE300351C84 /* PBXContainerItemProxy */ = {
			isa = PBXContainerItemProxy;
			containerPortal = F0DF6AF1297E3FE100351C84 /* Project object */;
			proxyType = 1;
			remoteGlobalIDString = F0DF6AF8297E3FE100351C84;
			remoteInfo = Ornn;
		};
/* End PBXContainerItemProxy section */

/* Begin PBXFileReference section */
		F03DC92B297E6A6F00561829 /* AlbumsResponse.swift */ = {isa = PBXFileReference; lastKnownFileType = sourcecode.swift; path = AlbumsResponse.swift; sourceTree = "<group>"; };
		F0A203AD297E8FA9002FB6B3 /* AlbumsApi.swift */ = {isa = PBXFileReference; lastKnownFileType = sourcecode.swift; path = AlbumsApi.swift; sourceTree = "<group>"; };
		F0A203B0297E9D4D002FB6B3 /* URL+Extension.swift */ = {isa = PBXFileReference; lastKnownFileType = sourcecode.swift; path = "URL+Extension.swift"; sourceTree = "<group>"; };
		F0A203B4297E9E52002FB6B3 /* BaseURL.swift */ = {isa = PBXFileReference; lastKnownFileType = sourcecode.swift; path = BaseURL.swift; sourceTree = "<group>"; };
		F0A203B6297EA0C5002FB6B3 /* AlbumsRepository.swift */ = {isa = PBXFileReference; lastKnownFileType = sourcecode.swift; path = AlbumsRepository.swift; sourceTree = "<group>"; };
		F0A203BA297F7EB3002FB6B3 /* ApiError.swift */ = {isa = PBXFileReference; lastKnownFileType = sourcecode.swift; path = ApiError.swift; sourceTree = "<group>"; };
		F0A203BC297F855C002FB6B3 /* AlbumsUseCase.swift */ = {isa = PBXFileReference; lastKnownFileType = sourcecode.swift; path = AlbumsUseCase.swift; sourceTree = "<group>"; };
		F0A203BE297F8798002FB6B3 /* HomeViewModel.swift */ = {isa = PBXFileReference; lastKnownFileType = sourcecode.swift; path = HomeViewModel.swift; sourceTree = "<group>"; };
		F0A203C0297F8C3A002FB6B3 /* AlbumModel.swift */ = {isa = PBXFileReference; lastKnownFileType = sourcecode.swift; path = AlbumModel.swift; sourceTree = "<group>"; };
		F0A203C3297F9640002FB6B3 /* Bundle.swift */ = {isa = PBXFileReference; lastKnownFileType = sourcecode.swift; path = Bundle.swift; sourceTree = "<group>"; };
		F0A203C7297F98D5002FB6B3 /* Albums.json */ = {isa = PBXFileReference; lastKnownFileType = text.json; path = Albums.json; sourceTree = "<group>"; };
		F0A203CB297F9B1A002FB6B3 /* AlbumsRepositoryTests.swift */ = {isa = PBXFileReference; lastKnownFileType = sourcecode.swift; path = AlbumsRepositoryTests.swift; sourceTree = "<group>"; };
		F0A203D0297FA635002FB6B3 /* AlbumsRepositorySpy.swift */ = {isa = PBXFileReference; lastKnownFileType = sourcecode.swift; path = AlbumsRepositorySpy.swift; sourceTree = "<group>"; };
		F0A203D2297FA6C1002FB6B3 /* AlbumsUseCaseSpy.swift */ = {isa = PBXFileReference; lastKnownFileType = sourcecode.swift; path = AlbumsUseCaseSpy.swift; sourceTree = "<group>"; };
		F0A203D6297FA72A002FB6B3 /* AlbumsUseCaseTests.swift */ = {isa = PBXFileReference; lastKnownFileType = sourcecode.swift; path = AlbumsUseCaseTests.swift; sourceTree = "<group>"; };
		F0A203D8297FA85E002FB6B3 /* DataManager.swift */ = {isa = PBXFileReference; lastKnownFileType = sourcecode.swift; path = DataManager.swift; sourceTree = "<group>"; };
		F0DF6AF9297E3FE100351C84 /* Ornn.app */ = {isa = PBXFileReference; explicitFileType = wrapper.application; includeInIndex = 0; path = Ornn.app; sourceTree = BUILT_PRODUCTS_DIR; };
		F0DF6AFC297E3FE100351C84 /* OrnnApp.swift */ = {isa = PBXFileReference; lastKnownFileType = sourcecode.swift; path = OrnnApp.swift; sourceTree = "<group>"; };
		F0DF6AFE297E3FE100351C84 /* ContentView.swift */ = {isa = PBXFileReference; lastKnownFileType = sourcecode.swift; path = ContentView.swift; sourceTree = "<group>"; };
		F0DF6B00297E3FE300351C84 /* Assets.xcassets */ = {isa = PBXFileReference; lastKnownFileType = folder.assetcatalog; path = Assets.xcassets; sourceTree = "<group>"; };
		F0DF6B03297E3FE300351C84 /* Preview Assets.xcassets */ = {isa = PBXFileReference; lastKnownFileType = folder.assetcatalog; path = "Preview Assets.xcassets"; sourceTree = "<group>"; };
		F0DF6B09297E3FE300351C84 /* OrnnTests.xctest */ = {isa = PBXFileReference; explicitFileType = wrapper.cfbundle; includeInIndex = 0; path = OrnnTests.xctest; sourceTree = BUILT_PRODUCTS_DIR; };
		F0DF6B13297E3FE300351C84 /* OrnnUITests.xctest */ = {isa = PBXFileReference; explicitFileType = wrapper.cfbundle; includeInIndex = 0; path = OrnnUITests.xctest; sourceTree = BUILT_PRODUCTS_DIR; };
		F0DF6B17297E3FE300351C84 /* OrnnUITests.swift */ = {isa = PBXFileReference; lastKnownFileType = sourcecode.swift; path = OrnnUITests.swift; sourceTree = "<group>"; };
		F0DF6B19297E3FE300351C84 /* OrnnUITestsLaunchTests.swift */ = {isa = PBXFileReference; lastKnownFileType = sourcecode.swift; path = OrnnUITestsLaunchTests.swift; sourceTree = "<group>"; };
		F0DF6B26297E4FDD00351C84 /* SplashScreenView.swift */ = {isa = PBXFileReference; lastKnownFileType = sourcecode.swift; path = SplashScreenView.swift; sourceTree = "<group>"; };
/* End PBXFileReference section */

/* Begin PBXFrameworksBuildPhase section */
		F0DF6AF6297E3FE100351C84 /* Frameworks */ = {
			isa = PBXFrameworksBuildPhase;
			buildActionMask = 2147483647;
			files = (
				F0A203A8297E8F74002FB6B3 /* Moya in Frameworks */,
				F0A203A6297E8F74002FB6B3 /* CombineMoya in Frameworks */,
				F0A203AC297E8F74002FB6B3 /* RxMoya in Frameworks */,
				F0A203AA297E8F74002FB6B3 /* ReactiveMoya in Frameworks */,
			);
			runOnlyForDeploymentPostprocessing = 0;
		};
		F0DF6B06297E3FE300351C84 /* Frameworks */ = {
			isa = PBXFrameworksBuildPhase;
			buildActionMask = 2147483647;
			files = (
			);
			runOnlyForDeploymentPostprocessing = 0;
		};
		F0DF6B10297E3FE300351C84 /* Frameworks */ = {
			isa = PBXFrameworksBuildPhase;
			buildActionMask = 2147483647;
			files = (
			);
			runOnlyForDeploymentPostprocessing = 0;
		};
/* End PBXFrameworksBuildPhase section */

/* Begin PBXGroup section */
		F03DC92F297E76D500561829 /* Target */ = {
			isa = PBXGroup;
			children = (
				F0A203B4297E9E52002FB6B3 /* BaseURL.swift */,
			);
			path = Target;
			sourceTree = "<group>";
		};
		F0A203AF297E9D2D002FB6B3 /* Extension */ = {
			isa = PBXGroup;
			children = (
				F0A203B0297E9D4D002FB6B3 /* URL+Extension.swift */,
			);
			path = Extension;
			sourceTree = "<group>";
		};
		F0A203B2297E9DA9002FB6B3 /* Constant */ = {
			isa = PBXGroup;
			children = (
				F0A203B3297E9E0A002FB6B3 /* Enum */,
			);
			path = Constant;
			sourceTree = "<group>";
		};
		F0A203B3297E9E0A002FB6B3 /* Enum */ = {
			isa = PBXGroup;
			children = (
				F0A203BA297F7EB3002FB6B3 /* ApiError.swift */,
			);
			path = Enum;
			sourceTree = "<group>";
		};
		F0A203C2297F962C002FB6B3 /* Local */ = {
			isa = PBXGroup;
			children = (
				F0A203C3297F9640002FB6B3 /* Bundle.swift */,
			);
			path = Local;
			sourceTree = "<group>";
		};
		F0A203C5297F9863002FB6B3 /* Mock */ = {
			isa = PBXGroup;
			children = (
				F0A203C6297F9880002FB6B3 /* Json */,
				F0A203D8297FA85E002FB6B3 /* DataManager.swift */,
			);
			path = Mock;
			sourceTree = "<group>";
		};
		F0A203C6297F9880002FB6B3 /* Json */ = {
			isa = PBXGroup;
			children = (
				F0A203C7297F98D5002FB6B3 /* Albums.json */,
			);
			path = Json;
			sourceTree = "<group>";
		};
		F0A203CA297F9AE9002FB6B3 /* Repository */ = {
			isa = PBXGroup;
			children = (
				F0A203CB297F9B1A002FB6B3 /* AlbumsRepositoryTests.swift */,
			);
			path = Repository;
			sourceTree = "<group>";
		};
		F0A203CD297FA5B0002FB6B3 /* Spy */ = {
			isa = PBXGroup;
			children = (
				F0A203CE297FA5C3002FB6B3 /* Repository */,
				F0A203CF297FA5D0002FB6B3 /* UseCase */,
			);
			path = Spy;
			sourceTree = "<group>";
		};
		F0A203CE297FA5C3002FB6B3 /* Repository */ = {
			isa = PBXGroup;
			children = (
				F0A203D0297FA635002FB6B3 /* AlbumsRepositorySpy.swift */,
			);
			path = Repository;
			sourceTree = "<group>";
		};
		F0A203CF297FA5D0002FB6B3 /* UseCase */ = {
			isa = PBXGroup;
			children = (
				F0A203D2297FA6C1002FB6B3 /* AlbumsUseCaseSpy.swift */,
			);
			path = UseCase;
			sourceTree = "<group>";
		};
		F0A203D4297FA6EF002FB6B3 /* UseCase */ = {
			isa = PBXGroup;
			children = (
				F0A203D6297FA72A002FB6B3 /* AlbumsUseCaseTests.swift */,
			);
			path = UseCase;
			sourceTree = "<group>";
		};
		F0A203D5297FA701002FB6B3 /* ViewModel */ = {
			isa = PBXGroup;
			children = (
			);
			path = ViewModel;
			sourceTree = "<group>";
		};
		F0DF6AF0297E3FE100351C84 = {
			isa = PBXGroup;
			children = (
				F0DF6AFB297E3FE100351C84 /* Ornn */,
				F0DF6B0C297E3FE300351C84 /* OrnnTests */,
				F0DF6B16297E3FE300351C84 /* OrnnUITests */,
				F0DF6AFA297E3FE100351C84 /* Products */,
			);
			sourceTree = "<group>";
		};
		F0DF6AFA297E3FE100351C84 /* Products */ = {
			isa = PBXGroup;
			children = (
				F0DF6AF9297E3FE100351C84 /* Ornn.app */,
				F0DF6B09297E3FE300351C84 /* OrnnTests.xctest */,
				F0DF6B13297E3FE300351C84 /* OrnnUITests.xctest */,
			);
			name = Products;
			sourceTree = "<group>";
		};
		F0DF6AFB297E3FE100351C84 /* Ornn */ = {
			isa = PBXGroup;
			children = (
				F0DF6AFE297E3FE100351C84 /* ContentView.swift */,
				F0DF6AFC297E3FE100351C84 /* OrnnApp.swift */,
				F0DF6B26297E4FDD00351C84 /* SplashScreenView.swift */,
				F0DF6B00297E3FE300351C84 /* Assets.xcassets */,
				F0A203B2297E9DA9002FB6B3 /* Constant */,
				F0A203AF297E9D2D002FB6B3 /* Extension */,
				F0DF6B37297E6A0D00351C84 /* Model */,
				F0DF6B02297E3FE300351C84 /* Preview Content */,
				F0DF6B2D297E54D900351C84 /* Repository */,
				F0DF6B2E297E552800351C84 /* Source */,
				F0DF6B2C297E548100351C84 /* UseCase */,
				F0DF6B28297E53C400351C84 /* View */,
				F0DF6B2B297E543C00351C84 /* ViewModel */,
			);
			path = Ornn;
			sourceTree = "<group>";
		};
		F0DF6B02297E3FE300351C84 /* Preview Content */ = {
			isa = PBXGroup;
			children = (
				F0DF6B03297E3FE300351C84 /* Preview Assets.xcassets */,
			);
			path = "Preview Content";
			sourceTree = "<group>";
		};
		F0DF6B0C297E3FE300351C84 /* OrnnTests */ = {
			isa = PBXGroup;
			children = (
				F0A203C5297F9863002FB6B3 /* Mock */,
				F0A203CA297F9AE9002FB6B3 /* Repository */,
				F0A203CD297FA5B0002FB6B3 /* Spy */,
				F0A203D4297FA6EF002FB6B3 /* UseCase */,
				F0A203D5297FA701002FB6B3 /* ViewModel */,
			);
			path = OrnnTests;
			sourceTree = "<group>";
		};
		F0DF6B16297E3FE300351C84 /* OrnnUITests */ = {
			isa = PBXGroup;
			children = (
				F0DF6B17297E3FE300351C84 /* OrnnUITests.swift */,
				F0DF6B19297E3FE300351C84 /* OrnnUITestsLaunchTests.swift */,
			);
			path = OrnnUITests;
			sourceTree = "<group>";
		};
		F0DF6B28297E53C400351C84 /* View */ = {
			isa = PBXGroup;
			children = (
				F0DF6B2A297E541B00351C84 /* Component */,
				F0DF6B29297E540C00351C84 /* Screen */,
			);
			path = View;
			sourceTree = "<group>";
		};
		F0DF6B29297E540C00351C84 /* Screen */ = {
			isa = PBXGroup;
			children = (
			);
			path = Screen;
			sourceTree = "<group>";
		};
		F0DF6B2A297E541B00351C84 /* Component */ = {
			isa = PBXGroup;
			children = (
			);
			path = Component;
			sourceTree = "<group>";
		};
		F0DF6B2B297E543C00351C84 /* ViewModel */ = {
			isa = PBXGroup;
			children = (
				F0A203BE297F8798002FB6B3 /* HomeViewModel.swift */,
			);
			path = ViewModel;
			sourceTree = "<group>";
		};
		F0DF6B2C297E548100351C84 /* UseCase */ = {
			isa = PBXGroup;
			children = (
				F0A203BC297F855C002FB6B3 /* AlbumsUseCase.swift */,
			);
			path = UseCase;
			sourceTree = "<group>";
		};
		F0DF6B2D297E54D900351C84 /* Repository */ = {
			isa = PBXGroup;
			children = (
				F0A203B6297EA0C5002FB6B3 /* AlbumsRepository.swift */,
			);
			path = Repository;
			sourceTree = "<group>";
		};
		F0DF6B2E297E552800351C84 /* Source */ = {
			isa = PBXGroup;
			children = (
				F0DF6B2F297E55DC00351C84 /* Api */,
				F0A203C2297F962C002FB6B3 /* Local */,
				F03DC92F297E76D500561829 /* Target */,
			);
			path = Source;
			sourceTree = "<group>";
		};
		F0DF6B2F297E55DC00351C84 /* Api */ = {
			isa = PBXGroup;
			children = (
				F0A203AD297E8FA9002FB6B3 /* AlbumsApi.swift */,
			);
			path = Api;
			sourceTree = "<group>";
		};
		F0DF6B37297E6A0D00351C84 /* Model */ = {
			isa = PBXGroup;
			children = (
				F0DF6B38297E6A3600351C84 /* Response */,
				F0A203C0297F8C3A002FB6B3 /* AlbumModel.swift */,
			);
			path = Model;
			sourceTree = "<group>";
		};
		F0DF6B38297E6A3600351C84 /* Response */ = {
			isa = PBXGroup;
			children = (
				F03DC92B297E6A6F00561829 /* AlbumsResponse.swift */,
			);
			path = Response;
			sourceTree = "<group>";
		};
/* End PBXGroup section */

/* Begin PBXNativeTarget section */
		F0DF6AF8297E3FE100351C84 /* Ornn */ = {
			isa = PBXNativeTarget;
			buildConfigurationList = F0DF6B1D297E3FE300351C84 /* Build configuration list for PBXNativeTarget "Ornn" */;
			buildPhases = (
				F0DF6AF5297E3FE100351C84 /* Sources */,
				F0DF6AF6297E3FE100351C84 /* Frameworks */,
				F0DF6AF7297E3FE100351C84 /* Resources */,
			);
			buildRules = (
			);
			dependencies = (
			);
			name = Ornn;
			packageProductDependencies = (
				F0A203A5297E8F74002FB6B3 /* CombineMoya */,
				F0A203A7297E8F74002FB6B3 /* Moya */,
				F0A203A9297E8F74002FB6B3 /* ReactiveMoya */,
				F0A203AB297E8F74002FB6B3 /* RxMoya */,
			);
			productName = Ornn;
			productReference = F0DF6AF9297E3FE100351C84 /* Ornn.app */;
			productType = "com.apple.product-type.application";
		};
		F0DF6B08297E3FE300351C84 /* OrnnTests */ = {
			isa = PBXNativeTarget;
			buildConfigurationList = F0DF6B20297E3FE300351C84 /* Build configuration list for PBXNativeTarget "OrnnTests" */;
			buildPhases = (
				F0DF6B05297E3FE300351C84 /* Sources */,
				F0DF6B06297E3FE300351C84 /* Frameworks */,
				F0DF6B07297E3FE300351C84 /* Resources */,
			);
			buildRules = (
			);
			dependencies = (
				F0DF6B0B297E3FE300351C84 /* PBXTargetDependency */,
			);
			name = OrnnTests;
			productName = OrnnTests;
			productReference = F0DF6B09297E3FE300351C84 /* OrnnTests.xctest */;
			productType = "com.apple.product-type.bundle.unit-test";
		};
		F0DF6B12297E3FE300351C84 /* OrnnUITests */ = {
			isa = PBXNativeTarget;
			buildConfigurationList = F0DF6B23297E3FE300351C84 /* Build configuration list for PBXNativeTarget "OrnnUITests" */;
			buildPhases = (
				F0DF6B0F297E3FE300351C84 /* Sources */,
				F0DF6B10297E3FE300351C84 /* Frameworks */,
				F0DF6B11297E3FE300351C84 /* Resources */,
			);
			buildRules = (
			);
			dependencies = (
				F0DF6B15297E3FE300351C84 /* PBXTargetDependency */,
			);
			name = OrnnUITests;
			productName = OrnnUITests;
			productReference = F0DF6B13297E3FE300351C84 /* OrnnUITests.xctest */;
			productType = "com.apple.product-type.bundle.ui-testing";
		};
/* End PBXNativeTarget section */

/* Begin PBXProject section */
		F0DF6AF1297E3FE100351C84 /* Project object */ = {
			isa = PBXProject;
			attributes = {
				BuildIndependentTargetsInParallel = 1;
				LastSwiftUpdateCheck = 1420;
				LastUpgradeCheck = 1420;
				TargetAttributes = {
					F0DF6AF8297E3FE100351C84 = {
						CreatedOnToolsVersion = 14.2;
					};
					F0DF6B08297E3FE300351C84 = {
						CreatedOnToolsVersion = 14.2;
						TestTargetID = F0DF6AF8297E3FE100351C84;
					};
					F0DF6B12297E3FE300351C84 = {
						CreatedOnToolsVersion = 14.2;
						TestTargetID = F0DF6AF8297E3FE100351C84;
					};
				};
			};
			buildConfigurationList = F0DF6AF4297E3FE100351C84 /* Build configuration list for PBXProject "Ornn" */;
			compatibilityVersion = "Xcode 14.0";
			developmentRegion = en;
			hasScannedForEncodings = 0;
			knownRegions = (
				en,
				Base,
			);
			mainGroup = F0DF6AF0297E3FE100351C84;
			packageReferences = (
				F0A203A4297E8F74002FB6B3 /* XCRemoteSwiftPackageReference "Moya" */,
			);
			productRefGroup = F0DF6AFA297E3FE100351C84 /* Products */;
			projectDirPath = "";
			projectRoot = "";
			targets = (
				F0DF6AF8297E3FE100351C84 /* Ornn */,
				F0DF6B08297E3FE300351C84 /* OrnnTests */,
				F0DF6B12297E3FE300351C84 /* OrnnUITests */,
			);
		};
/* End PBXProject section */

/* Begin PBXResourcesBuildPhase section */
		F0DF6AF7297E3FE100351C84 /* Resources */ = {
			isa = PBXResourcesBuildPhase;
			buildActionMask = 2147483647;
			files = (
				F0DF6B04297E3FE300351C84 /* Preview Assets.xcassets in Resources */,
				F0DF6B01297E3FE300351C84 /* Assets.xcassets in Resources */,
				F0A203C8297F98D5002FB6B3 /* Albums.json in Resources */,
			);
			runOnlyForDeploymentPostprocessing = 0;
		};
		F0DF6B07297E3FE300351C84 /* Resources */ = {
			isa = PBXResourcesBuildPhase;
			buildActionMask = 2147483647;
			files = (
				F0A203C9297F98D5002FB6B3 /* Albums.json in Resources */,
			);
			runOnlyForDeploymentPostprocessing = 0;
		};
		F0DF6B11297E3FE300351C84 /* Resources */ = {
			isa = PBXResourcesBuildPhase;
			buildActionMask = 2147483647;
			files = (
			);
			runOnlyForDeploymentPostprocessing = 0;
		};
/* End PBXResourcesBuildPhase section */

/* Begin PBXSourcesBuildPhase section */
		F0DF6AF5297E3FE100351C84 /* Sources */ = {
			isa = PBXSourcesBuildPhase;
			buildActionMask = 2147483647;
			files = (
				F0A203AE297E8FA9002FB6B3 /* AlbumsApi.swift in Sources */,
				F0A203C4297F9640002FB6B3 /* Bundle.swift in Sources */,
				F0A203C1297F8C3A002FB6B3 /* AlbumModel.swift in Sources */,
				F0A203BF297F8799002FB6B3 /* HomeViewModel.swift in Sources */,
				F03DC92C297E6A6F00561829 /* AlbumsResponse.swift in Sources */,
				F0A203B5297E9E52002FB6B3 /* BaseURL.swift in Sources */,
				F0DF6AFF297E3FE100351C84 /* ContentView.swift in Sources */,
				F0DF6AFD297E3FE100351C84 /* OrnnApp.swift in Sources */,
				F0A203BD297F855C002FB6B3 /* AlbumsUseCase.swift in Sources */,
				F0A203B7297EA0C5002FB6B3 /* AlbumsRepository.swift in Sources */,
				F0DF6B27297E4FDD00351C84 /* SplashScreenView.swift in Sources */,
				F0A203B1297E9D4D002FB6B3 /* URL+Extension.swift in Sources */,
				F0A203BB297F7EB3002FB6B3 /* ApiError.swift in Sources */,
			);
			runOnlyForDeploymentPostprocessing = 0;
		};
		F0DF6B05297E3FE300351C84 /* Sources */ = {
			isa = PBXSourcesBuildPhase;
			buildActionMask = 2147483647;
			files = (
				F0A203D1297FA635002FB6B3 /* AlbumsRepositorySpy.swift in Sources */,
				F0A203D9297FA85E002FB6B3 /* DataManager.swift in Sources */,
				F0A203CC297F9B1A002FB6B3 /* AlbumsRepositoryTests.swift in Sources */,
				F0A203D3297FA6C1002FB6B3 /* AlbumsUseCaseSpy.swift in Sources */,
				F0A203D7297FA72A002FB6B3 /* AlbumsUseCaseTests.swift in Sources */,
			);
			runOnlyForDeploymentPostprocessing = 0;
		};
		F0DF6B0F297E3FE300351C84 /* Sources */ = {
			isa = PBXSourcesBuildPhase;
			buildActionMask = 2147483647;
			files = (
				F0DF6B18297E3FE300351C84 /* OrnnUITests.swift in Sources */,
				F0DF6B1A297E3FE300351C84 /* OrnnUITestsLaunchTests.swift in Sources */,
			);
			runOnlyForDeploymentPostprocessing = 0;
		};
/* End PBXSourcesBuildPhase section */

/* Begin PBXTargetDependency section */
		F0DF6B0B297E3FE300351C84 /* PBXTargetDependency */ = {
			isa = PBXTargetDependency;
			target = F0DF6AF8297E3FE100351C84 /* Ornn */;
			targetProxy = F0DF6B0A297E3FE300351C84 /* PBXContainerItemProxy */;
		};
		F0DF6B15297E3FE300351C84 /* PBXTargetDependency */ = {
			isa = PBXTargetDependency;
			target = F0DF6AF8297E3FE100351C84 /* Ornn */;
			targetProxy = F0DF6B14297E3FE300351C84 /* PBXContainerItemProxy */;
		};
/* End PBXTargetDependency section */

/* Begin XCBuildConfiguration section */
		F0DF6B1B297E3FE300351C84 /* Debug */ = {
			isa = XCBuildConfiguration;
			buildSettings = {
				ALWAYS_SEARCH_USER_PATHS = NO;
				CLANG_ANALYZER_NONNULL = YES;
				CLANG_ANALYZER_NUMBER_OBJECT_CONVERSION = YES_AGGRESSIVE;
				CLANG_CXX_LANGUAGE_STANDARD = "gnu++20";
				CLANG_ENABLE_MODULES = YES;
				CLANG_ENABLE_OBJC_ARC = YES;
				CLANG_ENABLE_OBJC_WEAK = YES;
				CLANG_WARN_BLOCK_CAPTURE_AUTORELEASING = YES;
				CLANG_WARN_BOOL_CONVERSION = YES;
				CLANG_WARN_COMMA = YES;
				CLANG_WARN_CONSTANT_CONVERSION = YES;
				CLANG_WARN_DEPRECATED_OBJC_IMPLEMENTATIONS = YES;
				CLANG_WARN_DIRECT_OBJC_ISA_USAGE = YES_ERROR;
				CLANG_WARN_DOCUMENTATION_COMMENTS = YES;
				CLANG_WARN_EMPTY_BODY = YES;
				CLANG_WARN_ENUM_CONVERSION = YES;
				CLANG_WARN_INFINITE_RECURSION = YES;
				CLANG_WARN_INT_CONVERSION = YES;
				CLANG_WARN_NON_LITERAL_NULL_CONVERSION = YES;
				CLANG_WARN_OBJC_IMPLICIT_RETAIN_SELF = YES;
				CLANG_WARN_OBJC_LITERAL_CONVERSION = YES;
				CLANG_WARN_OBJC_ROOT_CLASS = YES_ERROR;
				CLANG_WARN_QUOTED_INCLUDE_IN_FRAMEWORK_HEADER = YES;
				CLANG_WARN_RANGE_LOOP_ANALYSIS = YES;
				CLANG_WARN_STRICT_PROTOTYPES = YES;
				CLANG_WARN_SUSPICIOUS_MOVE = YES;
				CLANG_WARN_UNGUARDED_AVAILABILITY = YES_AGGRESSIVE;
				CLANG_WARN_UNREACHABLE_CODE = YES;
				CLANG_WARN__DUPLICATE_METHOD_MATCH = YES;
				COPY_PHASE_STRIP = NO;
				DEBUG_INFORMATION_FORMAT = dwarf;
				ENABLE_STRICT_OBJC_MSGSEND = YES;
				ENABLE_TESTABILITY = YES;
				GCC_C_LANGUAGE_STANDARD = gnu11;
				GCC_DYNAMIC_NO_PIC = NO;
				GCC_NO_COMMON_BLOCKS = YES;
				GCC_OPTIMIZATION_LEVEL = 0;
				GCC_PREPROCESSOR_DEFINITIONS = (
					"DEBUG=1",
					"$(inherited)",
				);
				GCC_WARN_64_TO_32_BIT_CONVERSION = YES;
				GCC_WARN_ABOUT_RETURN_TYPE = YES_ERROR;
				GCC_WARN_UNDECLARED_SELECTOR = YES;
				GCC_WARN_UNINITIALIZED_AUTOS = YES_AGGRESSIVE;
				GCC_WARN_UNUSED_FUNCTION = YES;
				GCC_WARN_UNUSED_VARIABLE = YES;
				IPHONEOS_DEPLOYMENT_TARGET = 16.2;
				MTL_ENABLE_DEBUG_INFO = INCLUDE_SOURCE;
				MTL_FAST_MATH = YES;
				ONLY_ACTIVE_ARCH = YES;
				SDKROOT = iphoneos;
				SWIFT_ACTIVE_COMPILATION_CONDITIONS = DEBUG;
				SWIFT_OPTIMIZATION_LEVEL = "-Onone";
			};
			name = Debug;
		};
		F0DF6B1C297E3FE300351C84 /* Release */ = {
			isa = XCBuildConfiguration;
			buildSettings = {
				ALWAYS_SEARCH_USER_PATHS = NO;
				CLANG_ANALYZER_NONNULL = YES;
				CLANG_ANALYZER_NUMBER_OBJECT_CONVERSION = YES_AGGRESSIVE;
				CLANG_CXX_LANGUAGE_STANDARD = "gnu++20";
				CLANG_ENABLE_MODULES = YES;
				CLANG_ENABLE_OBJC_ARC = YES;
				CLANG_ENABLE_OBJC_WEAK = YES;
				CLANG_WARN_BLOCK_CAPTURE_AUTORELEASING = YES;
				CLANG_WARN_BOOL_CONVERSION = YES;
				CLANG_WARN_COMMA = YES;
				CLANG_WARN_CONSTANT_CONVERSION = YES;
				CLANG_WARN_DEPRECATED_OBJC_IMPLEMENTATIONS = YES;
				CLANG_WARN_DIRECT_OBJC_ISA_USAGE = YES_ERROR;
				CLANG_WARN_DOCUMENTATION_COMMENTS = YES;
				CLANG_WARN_EMPTY_BODY = YES;
				CLANG_WARN_ENUM_CONVERSION = YES;
				CLANG_WARN_INFINITE_RECURSION = YES;
				CLANG_WARN_INT_CONVERSION = YES;
				CLANG_WARN_NON_LITERAL_NULL_CONVERSION = YES;
				CLANG_WARN_OBJC_IMPLICIT_RETAIN_SELF = YES;
				CLANG_WARN_OBJC_LITERAL_CONVERSION = YES;
				CLANG_WARN_OBJC_ROOT_CLASS = YES_ERROR;
				CLANG_WARN_QUOTED_INCLUDE_IN_FRAMEWORK_HEADER = YES;
				CLANG_WARN_RANGE_LOOP_ANALYSIS = YES;
				CLANG_WARN_STRICT_PROTOTYPES = YES;
				CLANG_WARN_SUSPICIOUS_MOVE = YES;
				CLANG_WARN_UNGUARDED_AVAILABILITY = YES_AGGRESSIVE;
				CLANG_WARN_UNREACHABLE_CODE = YES;
				CLANG_WARN__DUPLICATE_METHOD_MATCH = YES;
				COPY_PHASE_STRIP = NO;
				DEBUG_INFORMATION_FORMAT = "dwarf-with-dsym";
				ENABLE_NS_ASSERTIONS = NO;
				ENABLE_STRICT_OBJC_MSGSEND = YES;
				GCC_C_LANGUAGE_STANDARD = gnu11;
				GCC_NO_COMMON_BLOCKS = YES;
				GCC_WARN_64_TO_32_BIT_CONVERSION = YES;
				GCC_WARN_ABOUT_RETURN_TYPE = YES_ERROR;
				GCC_WARN_UNDECLARED_SELECTOR = YES;
				GCC_WARN_UNINITIALIZED_AUTOS = YES_AGGRESSIVE;
				GCC_WARN_UNUSED_FUNCTION = YES;
				GCC_WARN_UNUSED_VARIABLE = YES;
				IPHONEOS_DEPLOYMENT_TARGET = 16.2;
				MTL_ENABLE_DEBUG_INFO = NO;
				MTL_FAST_MATH = YES;
				SDKROOT = iphoneos;
				SWIFT_COMPILATION_MODE = wholemodule;
				SWIFT_OPTIMIZATION_LEVEL = "-O";
				VALIDATE_PRODUCT = YES;
			};
			name = Release;
		};
		F0DF6B1E297E3FE300351C84 /* Debug */ = {
			isa = XCBuildConfiguration;
			buildSettings = {
				ASSETCATALOG_COMPILER_APPICON_NAME = AppIcon;
				ASSETCATALOG_COMPILER_GLOBAL_ACCENT_COLOR_NAME = AccentColor;
				CODE_SIGN_STYLE = Automatic;
				CURRENT_PROJECT_VERSION = 1;
				DEVELOPMENT_ASSET_PATHS = "\"Ornn/Preview Content\"";
				ENABLE_PREVIEWS = YES;
				GENERATE_INFOPLIST_FILE = YES;
				INFOPLIST_KEY_UIApplicationSceneManifest_Generation = YES;
				INFOPLIST_KEY_UIApplicationSupportsIndirectInputEvents = YES;
				INFOPLIST_KEY_UILaunchScreen_Generation = YES;
				INFOPLIST_KEY_UISupportedInterfaceOrientations_iPad = "UIInterfaceOrientationPortrait UIInterfaceOrientationPortraitUpsideDown UIInterfaceOrientationLandscapeLeft UIInterfaceOrientationLandscapeRight";
				INFOPLIST_KEY_UISupportedInterfaceOrientations_iPhone = "UIInterfaceOrientationPortrait UIInterfaceOrientationLandscapeLeft UIInterfaceOrientationLandscapeRight";
				LD_RUNPATH_SEARCH_PATHS = (
					"$(inherited)",
					"@executable_path/Frameworks",
				);
				MARKETING_VERSION = 1.0;
				PRODUCT_BUNDLE_IDENTIFIER = Naluebet.Ornn;
				PRODUCT_NAME = "$(TARGET_NAME)";
				SWIFT_EMIT_LOC_STRINGS = YES;
				SWIFT_VERSION = 5.0;
				TARGETED_DEVICE_FAMILY = "1,2";
			};
			name = Debug;
		};
		F0DF6B1F297E3FE300351C84 /* Release */ = {
			isa = XCBuildConfiguration;
			buildSettings = {
				ASSETCATALOG_COMPILER_APPICON_NAME = AppIcon;
				ASSETCATALOG_COMPILER_GLOBAL_ACCENT_COLOR_NAME = AccentColor;
				CODE_SIGN_STYLE = Automatic;
				CURRENT_PROJECT_VERSION = 1;
				DEVELOPMENT_ASSET_PATHS = "\"Ornn/Preview Content\"";
				ENABLE_PREVIEWS = YES;
				GENERATE_INFOPLIST_FILE = YES;
				INFOPLIST_KEY_UIApplicationSceneManifest_Generation = YES;
				INFOPLIST_KEY_UIApplicationSupportsIndirectInputEvents = YES;
				INFOPLIST_KEY_UILaunchScreen_Generation = YES;
				INFOPLIST_KEY_UISupportedInterfaceOrientations_iPad = "UIInterfaceOrientationPortrait UIInterfaceOrientationPortraitUpsideDown UIInterfaceOrientationLandscapeLeft UIInterfaceOrientationLandscapeRight";
				INFOPLIST_KEY_UISupportedInterfaceOrientations_iPhone = "UIInterfaceOrientationPortrait UIInterfaceOrientationLandscapeLeft UIInterfaceOrientationLandscapeRight";
				LD_RUNPATH_SEARCH_PATHS = (
					"$(inherited)",
					"@executable_path/Frameworks",
				);
				MARKETING_VERSION = 1.0;
				PRODUCT_BUNDLE_IDENTIFIER = Naluebet.Ornn;
				PRODUCT_NAME = "$(TARGET_NAME)";
				SWIFT_EMIT_LOC_STRINGS = YES;
				SWIFT_VERSION = 5.0;
				TARGETED_DEVICE_FAMILY = "1,2";
			};
			name = Release;
		};
		F0DF6B21297E3FE300351C84 /* Debug */ = {
			isa = XCBuildConfiguration;
			buildSettings = {
				ALWAYS_EMBED_SWIFT_STANDARD_LIBRARIES = YES;
				BUNDLE_LOADER = "$(TEST_HOST)";
				CODE_SIGN_STYLE = Automatic;
				CURRENT_PROJECT_VERSION = 1;
				GENERATE_INFOPLIST_FILE = YES;
				IPHONEOS_DEPLOYMENT_TARGET = 16.2;
				MARKETING_VERSION = 1.0;
				PRODUCT_BUNDLE_IDENTIFIER = Naluebet.OrnnTests;
				PRODUCT_NAME = "$(TARGET_NAME)";
				SWIFT_EMIT_LOC_STRINGS = NO;
				SWIFT_VERSION = 5.0;
				TARGETED_DEVICE_FAMILY = "1,2";
				TEST_HOST = "$(BUILT_PRODUCTS_DIR)/Ornn.app/$(BUNDLE_EXECUTABLE_FOLDER_PATH)/Ornn";
			};
			name = Debug;
		};
		F0DF6B22297E3FE300351C84 /* Release */ = {
			isa = XCBuildConfiguration;
			buildSettings = {
				ALWAYS_EMBED_SWIFT_STANDARD_LIBRARIES = YES;
				BUNDLE_LOADER = "$(TEST_HOST)";
				CODE_SIGN_STYLE = Automatic;
				CURRENT_PROJECT_VERSION = 1;
				GENERATE_INFOPLIST_FILE = YES;
				IPHONEOS_DEPLOYMENT_TARGET = 16.2;
				MARKETING_VERSION = 1.0;
				PRODUCT_BUNDLE_IDENTIFIER = Naluebet.OrnnTests;
				PRODUCT_NAME = "$(TARGET_NAME)";
				SWIFT_EMIT_LOC_STRINGS = NO;
				SWIFT_VERSION = 5.0;
				TARGETED_DEVICE_FAMILY = "1,2";
				TEST_HOST = "$(BUILT_PRODUCTS_DIR)/Ornn.app/$(BUNDLE_EXECUTABLE_FOLDER_PATH)/Ornn";
			};
			name = Release;
		};
		F0DF6B24297E3FE300351C84 /* Debug */ = {
			isa = XCBuildConfiguration;
			buildSettings = {
				ALWAYS_EMBED_SWIFT_STANDARD_LIBRARIES = YES;
				CODE_SIGN_STYLE = Automatic;
				CURRENT_PROJECT_VERSION = 1;
				GENERATE_INFOPLIST_FILE = YES;
				MARKETING_VERSION = 1.0;
				PRODUCT_BUNDLE_IDENTIFIER = Naluebet.OrnnUITests;
				PRODUCT_NAME = "$(TARGET_NAME)";
				SWIFT_EMIT_LOC_STRINGS = NO;
				SWIFT_VERSION = 5.0;
				TARGETED_DEVICE_FAMILY = "1,2";
				TEST_TARGET_NAME = Ornn;
			};
			name = Debug;
		};
		F0DF6B25297E3FE300351C84 /* Release */ = {
			isa = XCBuildConfiguration;
			buildSettings = {
				ALWAYS_EMBED_SWIFT_STANDARD_LIBRARIES = YES;
				CODE_SIGN_STYLE = Automatic;
				CURRENT_PROJECT_VERSION = 1;
				GENERATE_INFOPLIST_FILE = YES;
				MARKETING_VERSION = 1.0;
				PRODUCT_BUNDLE_IDENTIFIER = Naluebet.OrnnUITests;
				PRODUCT_NAME = "$(TARGET_NAME)";
				SWIFT_EMIT_LOC_STRINGS = NO;
				SWIFT_VERSION = 5.0;
				TARGETED_DEVICE_FAMILY = "1,2";
				TEST_TARGET_NAME = Ornn;
			};
			name = Release;
		};
/* End XCBuildConfiguration section */

/* Begin XCConfigurationList section */
		F0DF6AF4297E3FE100351C84 /* Build configuration list for PBXProject "Ornn" */ = {
			isa = XCConfigurationList;
			buildConfigurations = (
				F0DF6B1B297E3FE300351C84 /* Debug */,
				F0DF6B1C297E3FE300351C84 /* Release */,
			);
			defaultConfigurationIsVisible = 0;
			defaultConfigurationName = Release;
		};
		F0DF6B1D297E3FE300351C84 /* Build configuration list for PBXNativeTarget "Ornn" */ = {
			isa = XCConfigurationList;
			buildConfigurations = (
				F0DF6B1E297E3FE300351C84 /* Debug */,
				F0DF6B1F297E3FE300351C84 /* Release */,
			);
			defaultConfigurationIsVisible = 0;
			defaultConfigurationName = Release;
		};
		F0DF6B20297E3FE300351C84 /* Build configuration list for PBXNativeTarget "OrnnTests" */ = {
			isa = XCConfigurationList;
			buildConfigurations = (
				F0DF6B21297E3FE300351C84 /* Debug */,
				F0DF6B22297E3FE300351C84 /* Release */,
			);
			defaultConfigurationIsVisible = 0;
			defaultConfigurationName = Release;
		};
		F0DF6B23297E3FE300351C84 /* Build configuration list for PBXNativeTarget "OrnnUITests" */ = {
			isa = XCConfigurationList;
			buildConfigurations = (
				F0DF6B24297E3FE300351C84 /* Debug */,
				F0DF6B25297E3FE300351C84 /* Release */,
			);
			defaultConfigurationIsVisible = 0;
			defaultConfigurationName = Release;
		};
/* End XCConfigurationList section */

/* Begin XCRemoteSwiftPackageReference section */
		F0A203A4297E8F74002FB6B3 /* XCRemoteSwiftPackageReference "Moya" */ = {
			isa = XCRemoteSwiftPackageReference;
			repositoryURL = "https://github.com/Moya/Moya.git";
			requirement = {
				kind = exactVersion;
				version = 15.0.3;
			};
		};
/* End XCRemoteSwiftPackageReference section */

/* Begin XCSwiftPackageProductDependency section */
		F0A203A5297E8F74002FB6B3 /* CombineMoya */ = {
			isa = XCSwiftPackageProductDependency;
			package = F0A203A4297E8F74002FB6B3 /* XCRemoteSwiftPackageReference "Moya" */;
			productName = CombineMoya;
		};
		F0A203A7297E8F74002FB6B3 /* Moya */ = {
			isa = XCSwiftPackageProductDependency;
			package = F0A203A4297E8F74002FB6B3 /* XCRemoteSwiftPackageReference "Moya" */;
			productName = Moya;
		};
		F0A203A9297E8F74002FB6B3 /* ReactiveMoya */ = {
			isa = XCSwiftPackageProductDependency;
			package = F0A203A4297E8F74002FB6B3 /* XCRemoteSwiftPackageReference "Moya" */;
			productName = ReactiveMoya;
		};
		F0A203AB297E8F74002FB6B3 /* RxMoya */ = {
			isa = XCSwiftPackageProductDependency;
			package = F0A203A4297E8F74002FB6B3 /* XCRemoteSwiftPackageReference "Moya" */;
			productName = RxMoya;
		};
/* End XCSwiftPackageProductDependency section */
	};
	rootObject = F0DF6AF1297E3FE100351C84 /* Project object */;
}
